
Microsoft Visual Studio Solution File, Format Version 12.00
# Visual Studio Version 17
VisualStudioVersion = 17.8.34322.80
MinimumVisualStudioVersion = 10.0.40219.1
Project("{8BC9CEB8-8B4A-11D0-8D11-00A0C91BC942}") = "PPois_2", "PPois_2\PPois_2.vcxproj", "{2E83AB7C-9B5A-4D38-B68A-D67916C2498B}"
EndProject
Project("{2150E333-8FDC-42A3-9474-1A3956D46DE8}") = "Элементы решения", "Элементы решения", "{F9B32F8D-D02A-4CF6-838E-D08ADE3D81F9}"
EndProject
Project("{8BC9CEB8-8B4A-11D0-8D11-00A0C91BC942}") = "Classes_Unit_Test.cpp", "Classes_Unit_Test.cpp\Classes_Unit_Test.cpp.vcxproj", "{93371A43-8F55-48A5-A55D-45356BA3344B}"
EndProject
Global
	GlobalSection(SolutionConfigurationPlatforms) = preSolution
		Debug|x64 = Debug|x64
		Debug|x86 = Debug|x86
		Release|x64 = Release|x64
		Release|x86 = Release|x86
	EndGlobalSection
	GlobalSection(ProjectConfigurationPlatforms) = postSolution
		{2E83AB7C-9B5A-4D38-B68A-D67916C2498B}.Debug|x64.ActiveCfg = Debug|x64
		{2E83AB7C-9B5A-4D38-B68A-D67916C2498B}.Debug|x64.Build.0 = Debug|x64
		{2E83AB7C-9B5A-4D38-B68A-D67916C2498B}.Debug|x86.ActiveCfg = Debug|Win32
		{2E83AB7C-9B5A-4D38-B68A-D67916C2498B}.Debug|x86.Build.0 = Debug|Win32
		{2E83AB7C-9B5A-4D38-B68A-D67916C2498B}.Release|x64.ActiveCfg = Release|x64
		{2E83AB7C-9B5A-4D38-B68A-D67916C2498B}.Release|x64.Build.0 = Release|x64
		{2E83AB7C-9B5A-4D38-B68A-D67916C2498B}.Release|x86.ActiveCfg = Release|Win32
		{2E83AB7C-9B5A-4D38-B68A-D67916C2498B}.Release|x86.Build.0 = Release|Win32
		{93371A43-8F55-48A5-A55D-45356BA3344B}.Debug|x64.ActiveCfg = Debug|x64
		{93371A43-8F55-48A5-A55D-45356BA3344B}.Debug|x64.Build.0 = Debug|x64
		{93371A43-8F55-48A5-A55D-45356BA3344B}.Debug|x86.ActiveCfg = Debug|Win32
		{93371A43-8F55-48A5-A55D-45356BA3344B}.Debug|x86.Build.0 = Debug|Win32
		{93371A43-8F55-48A5-A55D-45356BA3344B}.Release|x64.ActiveCfg = Release|x64
		{93371A43-8F55-48A5-A55D-45356BA3344B}.Release|x64.Build.0 = Release|x64
		{93371A43-8F55-48A5-A55D-45356BA3344B}.Release|x86.ActiveCfg = Release|Win32
		{93371A43-8F55-48A5-A55D-45356BA3344B}.Release|x86.Build.0 = Release|Win32
	EndGlobalSection
	GlobalSection(SolutionProperties) = preSolution
		HideSolutionNode = FALSE
	EndGlobalSection
	GlobalSection(ExtensibilityGlobals) = postSolution
		SolutionGuid = {B7A3E44B-E025-45D8-92F9-0DD04561E738}
	EndGlobalSection
EndGlobal
